lockfileVersion: 5.4

specifiers:
  generate-schema: ^2.6.0

dependencies:
  generate-schema: 2.6.0

packages:

  /commander/2.20.3:
    resolution: {integrity: sha512-GpVkmM8vF2vQUkj2LvZmD35JxeJOLCwJ9cUkugyk2nuhbv3+mJvpLYYt+0+USMxE+oj+ey/lJEnhZw75x/OMcQ==}
    dev: false

  /generate-schema/2.6.0:
    resolution: {integrity: sha512-EUBKfJNzT8f91xUk5X5gKtnbdejZeE065UAJ3BCzE8VEbvwKI9Pm5jaWmqVeK1MYc1g5weAVFDTSJzN7ymtTqA==}
    hasBin: true
    dependencies:
      commander: 2.20.3
      type-of-is: 3.5.1
    dev: false

  /type-of-is/3.5.1:
    resolution: {integrity: sha512-SOnx8xygcAh8lvDU2exnK2bomASfNjzB3Qz71s2tw9QnX8fkAo7aC+D0H7FV0HjRKj94CKV2Hi71kVkkO6nOxg==}
    engines: {node: '>=0.10.5'}
    dev: false
